
Microsoft Visual Studio Solution File, Format Version 12.00
# Visual Studio Version 17
VisualStudioVersion = 17.11.35303.130
MinimumVisualStudioVersion = 10.0.40219.1
Project("{2150E333-8FDC-42A3-9474-1A3956D46DE8}") = "Task0", "Task0", "{D35D9FD0-23F2-4810-BE21-B6B896735CCB}"
EndProject
Project("{FAE04EC0-301F-11D3-BF4B-00C04F79EFBC}") = "Tyuiu.ParamonovaVA.Sprint5.Task0.V27", "Tyuiu.ParamonovaVA.Sprint5.Task0.V27\Tyuiu.ParamonovaVA.Sprint5.Task0.V27.csproj", "{AFA0BE4C-FDCC-47BD-BD3B-36988DDC3F9C}"
EndProject
Project("{FAE04EC0-301F-11D3-BF4B-00C04F79EFBC}") = "Tyuiu.ParamonovaVA.Sprint5.Task0.V27.Lib", "Tyuiu.ParamonovaVA.Sprint5.Task0.V27.Lib\Tyuiu.ParamonovaVA.Sprint5.Task0.V27.Lib.csproj", "{FE6EF68F-0D8B-4226-BCF9-86D9A812DCD1}"
EndProject
Project("{FAE04EC0-301F-11D3-BF4B-00C04F79EFBC}") = "Tyuiu.ParamonovaVA.Sprint5.Task0.V27.Test", "Tyuiu.ParamonovaVA.Sprint5.Task0.V27.Test\Tyuiu.ParamonovaVA.Sprint5.Task0.V27.Test.csproj", "{AC97A092-B72E-4175-A97D-147B9A5E8BBD}"
EndProject
Project("{2150E333-8FDC-42A3-9474-1A3956D46DE8}") = "Task1", "Task1", "{0118A4A1-CCAF-4910-B495-D58E4031FCC3}"
EndProject
Project("{FAE04EC0-301F-11D3-BF4B-00C04F79EFBC}") = "Tyuiu.ParamonovaVA.Sprint5.Task1.V21", "Tyuiu.ParamonovaVA.Sprint5.Task1.V21\Tyuiu.ParamonovaVA.Sprint5.Task1.V21.csproj", "{112EF118-1299-48A6-B16B-10286313F81A}"
EndProject
Project("{FAE04EC0-301F-11D3-BF4B-00C04F79EFBC}") = "Tyuiu.ParamonovaVA.Sprint5.Task1.V21.Lib", "Tyuiu.ParamonovaVA.Sprint5.Task1.V21.Lib\Tyuiu.ParamonovaVA.Sprint5.Task1.V21.Lib.csproj", "{F06BF154-BC10-4CDE-A8A4-738E8D7DD06D}"
EndProject
Project("{FAE04EC0-301F-11D3-BF4B-00C04F79EFBC}") = "Tyuiu.ParamonovaVA.Sprint5.Task1.V21.Test", "Tyuiu.ParamonovaVA.Sprint5.Task1.V21.Test\Tyuiu.ParamonovaVA.Sprint5.Task1.V21.Test.csproj", "{540618EC-4E8C-4C92-B014-C2A52DA0B1E7}"
EndProject
Project("{2150E333-8FDC-42A3-9474-1A3956D46DE8}") = "Task2", "Task2", "{BB95560C-13DD-4474-82B1-2D6286D8C3EA}"
EndProject
Project("{FAE04EC0-301F-11D3-BF4B-00C04F79EFBC}") = "Tyuiu.ParamonovaVA.Sprint5.Task2.V18", "Tyuiu.ParamonovaVA.Sprint5.Task2.V18\Tyuiu.ParamonovaVA.Sprint5.Task2.V18.csproj", "{8A31CCA1-4903-4790-A9C0-79AFC0C998E5}"
EndProject
Project("{FAE04EC0-301F-11D3-BF4B-00C04F79EFBC}") = "Tyuiu.ParamonovaVA.Sprint5.Task2.V18.Lib", "Tyuiu.ParamonovaVA.Sprint5.Task2.V18.Lib\Tyuiu.ParamonovaVA.Sprint5.Task2.V18.Lib.csproj", "{3D0E49D6-A672-4337-82AD-4A76DD7BFA56}"
EndProject
Project("{FAE04EC0-301F-11D3-BF4B-00C04F79EFBC}") = "Tyuiu.ParamonovaVA.Sprint5.Task2.V18.Test", "Tyuiu.ParamonovaVA.Sprint5.Task2.V18.Test\Tyuiu.ParamonovaVA.Sprint5.Task2.V18.Test.csproj", "{A57A1E49-4649-48DF-897A-EFE182BCDCD0}"
EndProject
Project("{2150E333-8FDC-42A3-9474-1A3956D46DE8}") = "Task3", "Task3", "{2BD64BC4-2270-4C28-B70E-C2E382235EF5}"
EndProject
Project("{FAE04EC0-301F-11D3-BF4B-00C04F79EFBC}") = "Tyuiu.ParamonovaVA.Sprint5.Task3.V8", "Tyuiu.ParamonovaVA.Sprint5.Task3.V8\Tyuiu.ParamonovaVA.Sprint5.Task3.V8.csproj", "{9109A9B3-D14B-4088-B238-646E954275C9}"
EndProject
Project("{FAE04EC0-301F-11D3-BF4B-00C04F79EFBC}") = "Tyuiu.ParamonovaVA.Sprint5.Task3.V8.Lib", "Tyuiu.ParamonovaVA.Sprint5.Task3.V8.Lib\Tyuiu.ParamonovaVA.Sprint5.Task3.V8.Lib.csproj", "{0A159E5C-A057-4050-9F62-DB1255048F99}"
EndProject
Project("{FAE04EC0-301F-11D3-BF4B-00C04F79EFBC}") = "Tyuiu.ParamonovaVA.Sprint5.Task3.V8.Test", "Tyuiu.ParamonovaVA.Sprint5.Task3.V8.Test\Tyuiu.ParamonovaVA.Sprint5.Task3.V8.Test.csproj", "{53584EA8-BB4A-4E2B-BD41-192C22126D16}"
EndProject
Project("{2150E333-8FDC-42A3-9474-1A3956D46DE8}") = "Task4", "Task4", "{029AB47B-923A-4722-9B3E-09E60E90014F}"
EndProject
Project("{FAE04EC0-301F-11D3-BF4B-00C04F79EFBC}") = "Tyuiu.ParamonovaVA.Sprint5.Task4.V22", "Tyuiu.ParamonovaVA.Sprint5.Task4.V22\Tyuiu.ParamonovaVA.Sprint5.Task4.V22.csproj", "{CC818AA4-0380-4A5C-ACFF-8460E4755560}"
EndProject
Project("{FAE04EC0-301F-11D3-BF4B-00C04F79EFBC}") = "Tyuiu.ParamonovaVA.Sprint5.Task4.V22.Lib", "Tyuiu.ParamonovaVA.Sprint5.Task4.V22.Lib\Tyuiu.ParamonovaVA.Sprint5.Task4.V22.Lib.csproj", "{2032A106-1B64-406D-9DE4-30DE372CF0DF}"
EndProject
Project("{FAE04EC0-301F-11D3-BF4B-00C04F79EFBC}") = "Tyuiu.ParamonovaVA.Sprint5.Task4.V22.Test", "Tyuiu.ParamonovaVA.Sprint5.Task4.V22.Test\Tyuiu.ParamonovaVA.Sprint5.Task4.V22.Test.csproj", "{03E2B2E1-A001-4A2A-9CBD-F1F733254F9A}"
EndProject
Project("{2150E333-8FDC-42A3-9474-1A3956D46DE8}") = "Task5", "Task5", "{F841B19F-B52A-4CB3-987A-38AE9499D766}"
EndProject
Project("{FAE04EC0-301F-11D3-BF4B-00C04F79EFBC}") = "Tyuiu.ParamonovaVA.Sprint5.Task5.V23", "Tyuiu.ParamonovaVA.Sprint5.Task5.V23\Tyuiu.ParamonovaVA.Sprint5.Task5.V23.csproj", "{820C4EA5-5906-40AF-96CE-4F259E4C4413}"
EndProject
Project("{FAE04EC0-301F-11D3-BF4B-00C04F79EFBC}") = "Tyuiu.ParamonovaVA.Sprint5.Task5.V23.Lib", "Tyuiu.ParamonovaVA.Sprint5.Task5.V23.Lib\Tyuiu.ParamonovaVA.Sprint5.Task5.V23.Lib.csproj", "{F4AEF037-D12C-41E9-9A2D-08760B45E3CC}"
EndProject
Project("{FAE04EC0-301F-11D3-BF4B-00C04F79EFBC}") = "Tyuiu.ParamonovaVA.Sprint5.Task5.V23.Test", "Tyuiu.ParamonovaVA.Sprint5.Task5.V23.Test\Tyuiu.ParamonovaVA.Sprint5.Task5.V23.Test.csproj", "{97B33CFC-8446-4628-8062-9144A1898BEF}"
EndProject
Project("{2150E333-8FDC-42A3-9474-1A3956D46DE8}") = "Task6", "Task6", "{893D03EF-C45C-44F4-AC39-57E911324CCB}"
EndProject
Project("{FAE04EC0-301F-11D3-BF4B-00C04F79EFBC}") = "Tyuiu.ParamonovaVA.Sprint5.Task6.V26", "Tyuiu.ParamonovaVA.Sprint5.Task6.V26\Tyuiu.ParamonovaVA.Sprint5.Task6.V26.csproj", "{2C344C84-8251-4252-8853-E0E6E3AA6D95}"
EndProject
Project("{FAE04EC0-301F-11D3-BF4B-00C04F79EFBC}") = "Tyuiu.ParamonovaVA.Sprint5.Task6.V26.Lib", "Tyuiu.ParamonovaVA.Sprint5.Task6.V26.Lib\Tyuiu.ParamonovaVA.Sprint5.Task6.V26.Lib.csproj", "{35BB54EF-2A9A-4CC7-83FA-8BD9DC22F7C7}"
EndProject
Project("{FAE04EC0-301F-11D3-BF4B-00C04F79EFBC}") = "Tyuiu.ParamonovaVA.Sprint5.Task6.V26.Test", "Tyuiu.ParamonovaVA.Sprint5.Task6.V26.Test\Tyuiu.ParamonovaVA.Sprint5.Task6.V26.Test.csproj", "{1F4B24EE-41B7-4B4C-8FC6-4A67102EA18E}"
EndProject
Global
	GlobalSection(SolutionConfigurationPlatforms) = preSolution
		Debug|Any CPU = Debug|Any CPU
		Release|Any CPU = Release|Any CPU
	EndGlobalSection
	GlobalSection(ProjectConfigurationPlatforms) = postSolution
		{AFA0BE4C-FDCC-47BD-BD3B-36988DDC3F9C}.Debug|Any CPU.ActiveCfg = Debug|Any CPU
		{AFA0BE4C-FDCC-47BD-BD3B-36988DDC3F9C}.Debug|Any CPU.Build.0 = Debug|Any CPU
		{AFA0BE4C-FDCC-47BD-BD3B-36988DDC3F9C}.Release|Any CPU.ActiveCfg = Release|Any CPU
		{AFA0BE4C-FDCC-47BD-BD3B-36988DDC3F9C}.Release|Any CPU.Build.0 = Release|Any CPU
		{FE6EF68F-0D8B-4226-BCF9-86D9A812DCD1}.Debug|Any CPU.ActiveCfg = Debug|Any CPU
		{FE6EF68F-0D8B-4226-BCF9-86D9A812DCD1}.Debug|Any CPU.Build.0 = Debug|Any CPU
		{FE6EF68F-0D8B-4226-BCF9-86D9A812DCD1}.Release|Any CPU.ActiveCfg = Release|Any CPU
		{FE6EF68F-0D8B-4226-BCF9-86D9A812DCD1}.Release|Any CPU.Build.0 = Release|Any CPU
		{AC97A092-B72E-4175-A97D-147B9A5E8BBD}.Debug|Any CPU.ActiveCfg = Debug|Any CPU
		{AC97A092-B72E-4175-A97D-147B9A5E8BBD}.Debug|Any CPU.Build.0 = Debug|Any CPU
		{AC97A092-B72E-4175-A97D-147B9A5E8BBD}.Release|Any CPU.ActiveCfg = Release|Any CPU
		{AC97A092-B72E-4175-A97D-147B9A5E8BBD}.Release|Any CPU.Build.0 = Release|Any CPU
		{112EF118-1299-48A6-B16B-10286313F81A}.Debug|Any CPU.ActiveCfg = Debug|Any CPU
		{112EF118-1299-48A6-B16B-10286313F81A}.Debug|Any CPU.Build.0 = Debug|Any CPU
		{112EF118-1299-48A6-B16B-10286313F81A}.Release|Any CPU.ActiveCfg = Release|Any CPU
		{112EF118-1299-48A6-B16B-10286313F81A}.Release|Any CPU.Build.0 = Release|Any CPU
		{F06BF154-BC10-4CDE-A8A4-738E8D7DD06D}.Debug|Any CPU.ActiveCfg = Debug|Any CPU
		{F06BF154-BC10-4CDE-A8A4-738E8D7DD06D}.Debug|Any CPU.Build.0 = Debug|Any CPU
		{F06BF154-BC10-4CDE-A8A4-738E8D7DD06D}.Release|Any CPU.ActiveCfg = Release|Any CPU
		{F06BF154-BC10-4CDE-A8A4-738E8D7DD06D}.Release|Any CPU.Build.0 = Release|Any CPU
		{540618EC-4E8C-4C92-B014-C2A52DA0B1E7}.Debug|Any CPU.ActiveCfg = Debug|Any CPU
		{540618EC-4E8C-4C92-B014-C2A52DA0B1E7}.Debug|Any CPU.Build.0 = Debug|Any CPU
		{540618EC-4E8C-4C92-B014-C2A52DA0B1E7}.Release|Any CPU.ActiveCfg = Release|Any CPU
		{540618EC-4E8C-4C92-B014-C2A52DA0B1E7}.Release|Any CPU.Build.0 = Release|Any CPU
		{8A31CCA1-4903-4790-A9C0-79AFC0C998E5}.Debug|Any CPU.ActiveCfg = Debug|Any CPU
		{8A31CCA1-4903-4790-A9C0-79AFC0C998E5}.Debug|Any CPU.Build.0 = Debug|Any CPU
		{8A31CCA1-4903-4790-A9C0-79AFC0C998E5}.Release|Any CPU.ActiveCfg = Release|Any CPU
		{8A31CCA1-4903-4790-A9C0-79AFC0C998E5}.Release|Any CPU.Build.0 = Release|Any CPU
		{3D0E49D6-A672-4337-82AD-4A76DD7BFA56}.Debug|Any CPU.ActiveCfg = Debug|Any CPU
		{3D0E49D6-A672-4337-82AD-4A76DD7BFA56}.Debug|Any CPU.Build.0 = Debug|Any CPU
		{3D0E49D6-A672-4337-82AD-4A76DD7BFA56}.Release|Any CPU.ActiveCfg = Release|Any CPU
		{3D0E49D6-A672-4337-82AD-4A76DD7BFA56}.Release|Any CPU.Build.0 = Release|Any CPU
		{A57A1E49-4649-48DF-897A-EFE182BCDCD0}.Debug|Any CPU.ActiveCfg = Debug|Any CPU
		{A57A1E49-4649-48DF-897A-EFE182BCDCD0}.Debug|Any CPU.Build.0 = Debug|Any CPU
		{A57A1E49-4649-48DF-897A-EFE182BCDCD0}.Release|Any CPU.ActiveCfg = Release|Any CPU
		{A57A1E49-4649-48DF-897A-EFE182BCDCD0}.Release|Any CPU.Build.0 = Release|Any CPU
		{9109A9B3-D14B-4088-B238-646E954275C9}.Debug|Any CPU.ActiveCfg = Debug|Any CPU
		{9109A9B3-D14B-4088-B238-646E954275C9}.Debug|Any CPU.Build.0 = Debug|Any CPU
		{9109A9B3-D14B-4088-B238-646E954275C9}.Release|Any CPU.ActiveCfg = Release|Any CPU
		{9109A9B3-D14B-4088-B238-646E954275C9}.Release|Any CPU.Build.0 = Release|Any CPU
		{0A159E5C-A057-4050-9F62-DB1255048F99}.Debug|Any CPU.ActiveCfg = Debug|Any CPU
		{0A159E5C-A057-4050-9F62-DB1255048F99}.Debug|Any CPU.Build.0 = Debug|Any CPU
		{0A159E5C-A057-4050-9F62-DB1255048F99}.Release|Any CPU.ActiveCfg = Release|Any CPU
		{0A159E5C-A057-4050-9F62-DB1255048F99}.Release|Any CPU.Build.0 = Release|Any CPU
		{53584EA8-BB4A-4E2B-BD41-192C22126D16}.Debug|Any CPU.ActiveCfg = Debug|Any CPU
		{53584EA8-BB4A-4E2B-BD41-192C22126D16}.Debug|Any CPU.Build.0 = Debug|Any CPU
		{53584EA8-BB4A-4E2B-BD41-192C22126D16}.Release|Any CPU.ActiveCfg = Release|Any CPU
		{53584EA8-BB4A-4E2B-BD41-192C22126D16}.Release|Any CPU.Build.0 = Release|Any CPU
		{CC818AA4-0380-4A5C-ACFF-8460E4755560}.Debug|Any CPU.ActiveCfg = Debug|Any CPU
		{CC818AA4-0380-4A5C-ACFF-8460E4755560}.Debug|Any CPU.Build.0 = Debug|Any CPU
		{CC818AA4-0380-4A5C-ACFF-8460E4755560}.Release|Any CPU.ActiveCfg = Release|Any CPU
		{CC818AA4-0380-4A5C-ACFF-8460E4755560}.Release|Any CPU.Build.0 = Release|Any CPU
		{2032A106-1B64-406D-9DE4-30DE372CF0DF}.Debug|Any CPU.ActiveCfg = Debug|Any CPU
		{2032A106-1B64-406D-9DE4-30DE372CF0DF}.Debug|Any CPU.Build.0 = Debug|Any CPU
		{2032A106-1B64-406D-9DE4-30DE372CF0DF}.Release|Any CPU.ActiveCfg = Release|Any CPU
		{2032A106-1B64-406D-9DE4-30DE372CF0DF}.Release|Any CPU.Build.0 = Release|Any CPU
		{03E2B2E1-A001-4A2A-9CBD-F1F733254F9A}.Debug|Any CPU.ActiveCfg = Debug|Any CPU
		{03E2B2E1-A001-4A2A-9CBD-F1F733254F9A}.Debug|Any CPU.Build.0 = Debug|Any CPU
		{03E2B2E1-A001-4A2A-9CBD-F1F733254F9A}.Release|Any CPU.ActiveCfg = Release|Any CPU
		{03E2B2E1-A001-4A2A-9CBD-F1F733254F9A}.Release|Any CPU.Build.0 = Release|Any CPU
		{820C4EA5-5906-40AF-96CE-4F259E4C4413}.Debug|Any CPU.ActiveCfg = Debug|Any CPU
		{820C4EA5-5906-40AF-96CE-4F259E4C4413}.Debug|Any CPU.Build.0 = Debug|Any CPU
		{820C4EA5-5906-40AF-96CE-4F259E4C4413}.Release|Any CPU.ActiveCfg = Release|Any CPU
		{820C4EA5-5906-40AF-96CE-4F259E4C4413}.Release|Any CPU.Build.0 = Release|Any CPU
		{F4AEF037-D12C-41E9-9A2D-08760B45E3CC}.Debug|Any CPU.ActiveCfg = Debug|Any CPU
		{F4AEF037-D12C-41E9-9A2D-08760B45E3CC}.Debug|Any CPU.Build.0 = Debug|Any CPU
		{F4AEF037-D12C-41E9-9A2D-08760B45E3CC}.Release|Any CPU.ActiveCfg = Release|Any CPU
		{F4AEF037-D12C-41E9-9A2D-08760B45E3CC}.Release|Any CPU.Build.0 = Release|Any CPU
		{97B33CFC-8446-4628-8062-9144A1898BEF}.Debug|Any CPU.ActiveCfg = Debug|Any CPU
		{97B33CFC-8446-4628-8062-9144A1898BEF}.Debug|Any CPU.Build.0 = Debug|Any CPU
		{97B33CFC-8446-4628-8062-9144A1898BEF}.Release|Any CPU.ActiveCfg = Release|Any CPU
		{97B33CFC-8446-4628-8062-9144A1898BEF}.Release|Any CPU.Build.0 = Release|Any CPU
		{2C344C84-8251-4252-8853-E0E6E3AA6D95}.Debug|Any CPU.ActiveCfg = Debug|Any CPU
		{2C344C84-8251-4252-8853-E0E6E3AA6D95}.Debug|Any CPU.Build.0 = Debug|Any CPU
		{2C344C84-8251-4252-8853-E0E6E3AA6D95}.Release|Any CPU.ActiveCfg = Release|Any CPU
		{2C344C84-8251-4252-8853-E0E6E3AA6D95}.Release|Any CPU.Build.0 = Release|Any CPU
		{35BB54EF-2A9A-4CC7-83FA-8BD9DC22F7C7}.Debug|Any CPU.ActiveCfg = Debug|Any CPU
		{35BB54EF-2A9A-4CC7-83FA-8BD9DC22F7C7}.Debug|Any CPU.Build.0 = Debug|Any CPU
		{35BB54EF-2A9A-4CC7-83FA-8BD9DC22F7C7}.Release|Any CPU.ActiveCfg = Release|Any CPU
		{35BB54EF-2A9A-4CC7-83FA-8BD9DC22F7C7}.Release|Any CPU.Build.0 = Release|Any CPU
		{1F4B24EE-41B7-4B4C-8FC6-4A67102EA18E}.Debug|Any CPU.ActiveCfg = Debug|Any CPU
		{1F4B24EE-41B7-4B4C-8FC6-4A67102EA18E}.Debug|Any CPU.Build.0 = Debug|Any CPU
		{1F4B24EE-41B7-4B4C-8FC6-4A67102EA18E}.Release|Any CPU.ActiveCfg = Release|Any CPU
		{1F4B24EE-41B7-4B4C-8FC6-4A67102EA18E}.Release|Any CPU.Build.0 = Release|Any CPU
	EndGlobalSection
	GlobalSection(SolutionProperties) = preSolution
		HideSolutionNode = FALSE
	EndGlobalSection
	GlobalSection(NestedProjects) = preSolution
		{AFA0BE4C-FDCC-47BD-BD3B-36988DDC3F9C} = {D35D9FD0-23F2-4810-BE21-B6B896735CCB}
		{FE6EF68F-0D8B-4226-BCF9-86D9A812DCD1} = {D35D9FD0-23F2-4810-BE21-B6B896735CCB}
		{AC97A092-B72E-4175-A97D-147B9A5E8BBD} = {D35D9FD0-23F2-4810-BE21-B6B896735CCB}
		{112EF118-1299-48A6-B16B-10286313F81A} = {0118A4A1-CCAF-4910-B495-D58E4031FCC3}
		{F06BF154-BC10-4CDE-A8A4-738E8D7DD06D} = {0118A4A1-CCAF-4910-B495-D58E4031FCC3}
		{540618EC-4E8C-4C92-B014-C2A52DA0B1E7} = {0118A4A1-CCAF-4910-B495-D58E4031FCC3}
		{8A31CCA1-4903-4790-A9C0-79AFC0C998E5} = {BB95560C-13DD-4474-82B1-2D6286D8C3EA}
		{3D0E49D6-A672-4337-82AD-4A76DD7BFA56} = {BB95560C-13DD-4474-82B1-2D6286D8C3EA}
		{A57A1E49-4649-48DF-897A-EFE182BCDCD0} = {BB95560C-13DD-4474-82B1-2D6286D8C3EA}
		{9109A9B3-D14B-4088-B238-646E954275C9} = {2BD64BC4-2270-4C28-B70E-C2E382235EF5}
		{0A159E5C-A057-4050-9F62-DB1255048F99} = {2BD64BC4-2270-4C28-B70E-C2E382235EF5}
		{53584EA8-BB4A-4E2B-BD41-192C22126D16} = {2BD64BC4-2270-4C28-B70E-C2E382235EF5}
		{CC818AA4-0380-4A5C-ACFF-8460E4755560} = {029AB47B-923A-4722-9B3E-09E60E90014F}
		{2032A106-1B64-406D-9DE4-30DE372CF0DF} = {029AB47B-923A-4722-9B3E-09E60E90014F}
		{03E2B2E1-A001-4A2A-9CBD-F1F733254F9A} = {029AB47B-923A-4722-9B3E-09E60E90014F}
		{820C4EA5-5906-40AF-96CE-4F259E4C4413} = {F841B19F-B52A-4CB3-987A-38AE9499D766}
		{F4AEF037-D12C-41E9-9A2D-08760B45E3CC} = {F841B19F-B52A-4CB3-987A-38AE9499D766}
		{97B33CFC-8446-4628-8062-9144A1898BEF} = {F841B19F-B52A-4CB3-987A-38AE9499D766}
		{2C344C84-8251-4252-8853-E0E6E3AA6D95} = {893D03EF-C45C-44F4-AC39-57E911324CCB}
		{35BB54EF-2A9A-4CC7-83FA-8BD9DC22F7C7} = {893D03EF-C45C-44F4-AC39-57E911324CCB}
		{1F4B24EE-41B7-4B4C-8FC6-4A67102EA18E} = {893D03EF-C45C-44F4-AC39-57E911324CCB}
	EndGlobalSection
	GlobalSection(ExtensibilityGlobals) = postSolution
		SolutionGuid = {66FDFBC7-FCA9-4AB8-967E-A267DE340FFB}
	EndGlobalSection
EndGlobal
