
Microsoft Visual Studio Solution File, Format Version 12.00
# Visual Studio Version 17
VisualStudioVersion = 17.11.35303.130
MinimumVisualStudioVersion = 10.0.40219.1
Project("{2150E333-8FDC-42A3-9474-1A3956D46DE8}") = "Task0", "Task0", "{D35D9FD0-23F2-4810-BE21-B6B896735CCB}"
EndProject
Project("{FAE04EC0-301F-11D3-BF4B-00C04F79EFBC}") = "Tyuiu.ParamonovaVA.Sprint5.Task0.V27", "Tyuiu.ParamonovaVA.Sprint5.Task0.V27\Tyuiu.ParamonovaVA.Sprint5.Task0.V27.csproj", "{AFA0BE4C-FDCC-47BD-BD3B-36988DDC3F9C}"
EndProject
Project("{FAE04EC0-301F-11D3-BF4B-00C04F79EFBC}") = "Tyuiu.ParamonovaVA.Sprint5.Task0.V27.Lib", "Tyuiu.ParamonovaVA.Sprint5.Task0.V27.Lib\Tyuiu.ParamonovaVA.Sprint5.Task0.V27.Lib.csproj", "{FE6EF68F-0D8B-4226-BCF9-86D9A812DCD1}"
EndProject
Project("{FAE04EC0-301F-11D3-BF4B-00C04F79EFBC}") = "Tyuiu.ParamonovaVA.Sprint5.Task0.V27.Test", "Tyuiu.ParamonovaVA.Sprint5.Task0.V27.Test\Tyuiu.ParamonovaVA.Sprint5.Task0.V27.Test.csproj", "{AC97A092-B72E-4175-A97D-147B9A5E8BBD}"
EndProject
Project("{2150E333-8FDC-42A3-9474-1A3956D46DE8}") = "Task1", "Task1", "{0118A4A1-CCAF-4910-B495-D58E4031FCC3}"
EndProject
Project("{FAE04EC0-301F-11D3-BF4B-00C04F79EFBC}") = "Tyuiu.ParamonovaVA.Sprint5.Task1.V21", "Tyuiu.ParamonovaVA.Sprint5.Task1.V21\Tyuiu.ParamonovaVA.Sprint5.Task1.V21.csproj", "{112EF118-1299-48A6-B16B-10286313F81A}"
EndProject
Project("{FAE04EC0-301F-11D3-BF4B-00C04F79EFBC}") = "Tyuiu.ParamonovaVA.Sprint5.Task1.V21.Lib", "Tyuiu.ParamonovaVA.Sprint5.Task1.V21.Lib\Tyuiu.ParamonovaVA.Sprint5.Task1.V21.Lib.csproj", "{F06BF154-BC10-4CDE-A8A4-738E8D7DD06D}"
EndProject
Project("{FAE04EC0-301F-11D3-BF4B-00C04F79EFBC}") = "Tyuiu.ParamonovaVA.Sprint5.Task1.V21.Test", "Tyuiu.ParamonovaVA.Sprint5.Task1.V21.Test\Tyuiu.ParamonovaVA.Sprint5.Task1.V21.Test.csproj", "{540618EC-4E8C-4C92-B014-C2A52DA0B1E7}"
EndProject
Global
	GlobalSection(SolutionConfigurationPlatforms) = preSolution
		Debug|Any CPU = Debug|Any CPU
		Release|Any CPU = Release|Any CPU
	EndGlobalSection
	GlobalSection(ProjectConfigurationPlatforms) = postSolution
		{AFA0BE4C-FDCC-47BD-BD3B-36988DDC3F9C}.Debug|Any CPU.ActiveCfg = Debug|Any CPU
		{AFA0BE4C-FDCC-47BD-BD3B-36988DDC3F9C}.Debug|Any CPU.Build.0 = Debug|Any CPU
		{AFA0BE4C-FDCC-47BD-BD3B-36988DDC3F9C}.Release|Any CPU.ActiveCfg = Release|Any CPU
		{AFA0BE4C-FDCC-47BD-BD3B-36988DDC3F9C}.Release|Any CPU.Build.0 = Release|Any CPU
		{FE6EF68F-0D8B-4226-BCF9-86D9A812DCD1}.Debug|Any CPU.ActiveCfg = Debug|Any CPU
		{FE6EF68F-0D8B-4226-BCF9-86D9A812DCD1}.Debug|Any CPU.Build.0 = Debug|Any CPU
		{FE6EF68F-0D8B-4226-BCF9-86D9A812DCD1}.Release|Any CPU.ActiveCfg = Release|Any CPU
		{FE6EF68F-0D8B-4226-BCF9-86D9A812DCD1}.Release|Any CPU.Build.0 = Release|Any CPU
		{AC97A092-B72E-4175-A97D-147B9A5E8BBD}.Debug|Any CPU.ActiveCfg = Debug|Any CPU
		{AC97A092-B72E-4175-A97D-147B9A5E8BBD}.Debug|Any CPU.Build.0 = Debug|Any CPU
		{AC97A092-B72E-4175-A97D-147B9A5E8BBD}.Release|Any CPU.ActiveCfg = Release|Any CPU
		{AC97A092-B72E-4175-A97D-147B9A5E8BBD}.Release|Any CPU.Build.0 = Release|Any CPU
		{112EF118-1299-48A6-B16B-10286313F81A}.Debug|Any CPU.ActiveCfg = Debug|Any CPU
		{112EF118-1299-48A6-B16B-10286313F81A}.Debug|Any CPU.Build.0 = Debug|Any CPU
		{112EF118-1299-48A6-B16B-10286313F81A}.Release|Any CPU.ActiveCfg = Release|Any CPU
		{112EF118-1299-48A6-B16B-10286313F81A}.Release|Any CPU.Build.0 = Release|Any CPU
		{F06BF154-BC10-4CDE-A8A4-738E8D7DD06D}.Debug|Any CPU.ActiveCfg = Debug|Any CPU
		{F06BF154-BC10-4CDE-A8A4-738E8D7DD06D}.Debug|Any CPU.Build.0 = Debug|Any CPU
		{F06BF154-BC10-4CDE-A8A4-738E8D7DD06D}.Release|Any CPU.ActiveCfg = Release|Any CPU
		{F06BF154-BC10-4CDE-A8A4-738E8D7DD06D}.Release|Any CPU.Build.0 = Release|Any CPU
		{540618EC-4E8C-4C92-B014-C2A52DA0B1E7}.Debug|Any CPU.ActiveCfg = Debug|Any CPU
		{540618EC-4E8C-4C92-B014-C2A52DA0B1E7}.Debug|Any CPU.Build.0 = Debug|Any CPU
		{540618EC-4E8C-4C92-B014-C2A52DA0B1E7}.Release|Any CPU.ActiveCfg = Release|Any CPU
		{540618EC-4E8C-4C92-B014-C2A52DA0B1E7}.Release|Any CPU.Build.0 = Release|Any CPU
	EndGlobalSection
	GlobalSection(SolutionProperties) = preSolution
		HideSolutionNode = FALSE
	EndGlobalSection
	GlobalSection(NestedProjects) = preSolution
		{AFA0BE4C-FDCC-47BD-BD3B-36988DDC3F9C} = {D35D9FD0-23F2-4810-BE21-B6B896735CCB}
		{FE6EF68F-0D8B-4226-BCF9-86D9A812DCD1} = {D35D9FD0-23F2-4810-BE21-B6B896735CCB}
		{AC97A092-B72E-4175-A97D-147B9A5E8BBD} = {D35D9FD0-23F2-4810-BE21-B6B896735CCB}
		{112EF118-1299-48A6-B16B-10286313F81A} = {0118A4A1-CCAF-4910-B495-D58E4031FCC3}
		{F06BF154-BC10-4CDE-A8A4-738E8D7DD06D} = {0118A4A1-CCAF-4910-B495-D58E4031FCC3}
		{540618EC-4E8C-4C92-B014-C2A52DA0B1E7} = {0118A4A1-CCAF-4910-B495-D58E4031FCC3}
	EndGlobalSection
	GlobalSection(ExtensibilityGlobals) = postSolution
		SolutionGuid = {66FDFBC7-FCA9-4AB8-967E-A267DE340FFB}
	EndGlobalSection
EndGlobal
